
Microsoft Visual Studio Solution File, Format Version 12.00
# Visual Studio 2013
VisualStudioVersion = 12.0.20623.1 VSUPREVIEW
MinimumVisualStudioVersion = 10.0.40219.1
Project("{FAE04EC0-301F-11D3-BF4B-00C04F79EFBC}") = "TasksManager.App", "TasksManager.App\TasksManager.App.csproj", "{F7F69D94-DECE-455C-A51F-2B103DDDDB96}"
EndProject
Project("{FAE04EC0-301F-11D3-BF4B-00C04F79EFBC}") = "TasksManager.Models", "TasksManager.Models\TasksManager.Models.csproj", "{30271336-EA1E-46D8-97AE-D35E36353634}"
EndProject
Project("{FAE04EC0-301F-11D3-BF4B-00C04F79EFBC}") = "TasksManager.Data", "TasksManager.Data\TasksManager.Data.csproj", "{7C89C004-3EB0-4A8F-BEE1-28069D6D3B5B}"
EndProject
Project("{FAE04EC0-301F-11D3-BF4B-00C04F79EFBC}") = "TasksManager.WpfClient", "TasksManager.WpfClient\TasksManager.WpfClient.csproj", "{2E82392B-693A-4177-9294-D0209206B870}"
EndProject
Project("{FAE04EC0-301F-11D3-BF4B-00C04F79EFBC}") = "App", "App\App.csproj", "{FA8AAD1E-B5B9-4D5C-BC1A-2F4B07BBDDC7}"
EndProject
Project("{2150E333-8FDC-42A3-9474-1A3956D46DE8}") = ".nuget", ".nuget", "{795A7B3C-9F16-4268-B9E1-4237291579F7}"
	ProjectSection(SolutionItems) = preProject
		.nuget\NuGet.Config = .nuget\NuGet.Config
		.nuget\NuGet.exe = .nuget\NuGet.exe
		.nuget\NuGet.targets = .nuget\NuGet.targets
	EndProjectSection
EndProject
Global
	GlobalSection(SolutionConfigurationPlatforms) = preSolution
		Debug|Any CPU = Debug|Any CPU
		Release|Any CPU = Release|Any CPU
	EndGlobalSection
	GlobalSection(ProjectConfigurationPlatforms) = postSolution
		{F7F69D94-DECE-455C-A51F-2B103DDDDB96}.Debug|Any CPU.ActiveCfg = Debug|Any CPU
		{F7F69D94-DECE-455C-A51F-2B103DDDDB96}.Debug|Any CPU.Build.0 = Debug|Any CPU
		{F7F69D94-DECE-455C-A51F-2B103DDDDB96}.Release|Any CPU.ActiveCfg = Release|Any CPU
		{F7F69D94-DECE-455C-A51F-2B103DDDDB96}.Release|Any CPU.Build.0 = Release|Any CPU
		{30271336-EA1E-46D8-97AE-D35E36353634}.Debug|Any CPU.ActiveCfg = Debug|Any CPU
		{30271336-EA1E-46D8-97AE-D35E36353634}.Debug|Any CPU.Build.0 = Debug|Any CPU
		{30271336-EA1E-46D8-97AE-D35E36353634}.Release|Any CPU.ActiveCfg = Release|Any CPU
		{30271336-EA1E-46D8-97AE-D35E36353634}.Release|Any CPU.Build.0 = Release|Any CPU
		{7C89C004-3EB0-4A8F-BEE1-28069D6D3B5B}.Debug|Any CPU.ActiveCfg = Debug|Any CPU
		{7C89C004-3EB0-4A8F-BEE1-28069D6D3B5B}.Debug|Any CPU.Build.0 = Debug|Any CPU
		{7C89C004-3EB0-4A8F-BEE1-28069D6D3B5B}.Release|Any CPU.ActiveCfg = Release|Any CPU
		{7C89C004-3EB0-4A8F-BEE1-28069D6D3B5B}.Release|Any CPU.Build.0 = Release|Any CPU
		{2E82392B-693A-4177-9294-D0209206B870}.Debug|Any CPU.ActiveCfg = Debug|Any CPU
		{2E82392B-693A-4177-9294-D0209206B870}.Debug|Any CPU.Build.0 = Debug|Any CPU
		{2E82392B-693A-4177-9294-D0209206B870}.Release|Any CPU.ActiveCfg = Release|Any CPU
		{2E82392B-693A-4177-9294-D0209206B870}.Release|Any CPU.Build.0 = Release|Any CPU
		{FA8AAD1E-B5B9-4D5C-BC1A-2F4B07BBDDC7}.Debug|Any CPU.ActiveCfg = Debug|Any CPU
		{FA8AAD1E-B5B9-4D5C-BC1A-2F4B07BBDDC7}.Debug|Any CPU.Build.0 = Debug|Any CPU
		{FA8AAD1E-B5B9-4D5C-BC1A-2F4B07BBDDC7}.Release|Any CPU.ActiveCfg = Release|Any CPU
		{FA8AAD1E-B5B9-4D5C-BC1A-2F4B07BBDDC7}.Release|Any CPU.Build.0 = Release|Any CPU
	EndGlobalSection
	GlobalSection(SolutionProperties) = preSolution
		HideSolutionNode = FALSE
	EndGlobalSection
EndGlobal
