
Microsoft Visual Studio Solution File, Format Version 12.00
# Visual Studio 2013
VisualStudioVersion = 12.0.20623.1 VSUPREVIEW
MinimumVisualStudioVersion = 10.0.40219.1
Project("{FAE04EC0-301F-11D3-BF4B-00C04F79EFBC}") = "Countries.Data", "Countries.Data\Countries.Data.csproj", "{7236FEDE-CD26-485F-AD7C-1225EFC6115C}"
EndProject
Project("{FAE04EC0-301F-11D3-BF4B-00C04F79EFBC}") = "Countries.App", "Countries.App\Countries.App.csproj", "{0F524435-3ECA-40EA-A88A-74C84A334D19}"
EndProject
Global
	GlobalSection(SolutionConfigurationPlatforms) = preSolution
		Debug|Any CPU = Debug|Any CPU
		Release|Any CPU = Release|Any CPU
	EndGlobalSection
	GlobalSection(ProjectConfigurationPlatforms) = postSolution
		{7236FEDE-CD26-485F-AD7C-1225EFC6115C}.Debug|Any CPU.ActiveCfg = Debug|Any CPU
		{7236FEDE-CD26-485F-AD7C-1225EFC6115C}.Debug|Any CPU.Build.0 = Debug|Any CPU
		{7236FEDE-CD26-485F-AD7C-1225EFC6115C}.Release|Any CPU.ActiveCfg = Release|Any CPU
		{7236FEDE-CD26-485F-AD7C-1225EFC6115C}.Release|Any CPU.Build.0 = Release|Any CPU
		{0F524435-3ECA-40EA-A88A-74C84A334D19}.Debug|Any CPU.ActiveCfg = Debug|Any CPU
		{0F524435-3ECA-40EA-A88A-74C84A334D19}.Debug|Any CPU.Build.0 = Debug|Any CPU
		{0F524435-3ECA-40EA-A88A-74C84A334D19}.Release|Any CPU.ActiveCfg = Release|Any CPU
		{0F524435-3ECA-40EA-A88A-74C84A334D19}.Release|Any CPU.Build.0 = Release|Any CPU
	EndGlobalSection
	GlobalSection(SolutionProperties) = preSolution
		HideSolutionNode = FALSE
	EndGlobalSection
EndGlobal
